
Microsoft Visual Studio Solution File, Format Version 12.00
# Visual Studio Version 17
VisualStudioVersion = 17.0.31903.59
MinimumVisualStudioVersion = 10.0.40219.1
Project("{2150E333-8FDC-42A3-9474-1A3956D46DE8}") = "src", "src", "{827E0CD3-B72D-47B6-A68D-7590B98EB39B}"
EndProject
Project("{FAE04EC0-301F-11D3-BF4B-00C04F79EFBC}") = "RemoteLinuxManager.App", "src\RemoteLinuxManager.App\RemoteLinuxManager.App.csproj", "{3B3FB2B9-2CC6-44D5-9FCB-5FB8AC5115A5}"
EndProject
Project("{FAE04EC0-301F-11D3-BF4B-00C04F79EFBC}") = "RemoteLinuxManager.Application", "src\RemoteLinuxManager.Application\RemoteLinuxManager.Application.csproj", "{7E60BEB2-FC41-40B4-8E10-51905811FC26}"
EndProject
Project("{FAE04EC0-301F-11D3-BF4B-00C04F79EFBC}") = "RemoteLinuxManager.Domain", "src\RemoteLinuxManager.Domain\RemoteLinuxManager.Domain.csproj", "{38DB558B-F651-4CDC-9BDF-C2F14CAC4720}"
EndProject
Project("{FAE04EC0-301F-11D3-BF4B-00C04F79EFBC}") = "RemoteLinuxManager.Infrastructure.SshNet", "src\RemoteLinuxManager.Infrastructure.SshNet\RemoteLinuxManager.Infrastructure.SshNet.csproj", "{144D1A44-9940-4C29-8793-315F1AB5AB70}"
EndProject
Project("{2150E333-8FDC-42A3-9474-1A3956D46DE8}") = "tests", "tests", "{0AB3BF05-4346-4AA6-1389-037BE0695223}"
EndProject
Project("{FAE04EC0-301F-11D3-BF4B-00C04F79EFBC}") = "RemoteLinuxManager.UnitTests", "tests\RemoteLinuxManager.UnitTests\RemoteLinuxManager.UnitTests.csproj", "{D85C80B4-4891-4ABD-AF41-616FA622F0C6}"
EndProject
Project("{FAE04EC0-301F-11D3-BF4B-00C04F79EFBC}") = "RemoteLinuxManager.IntegrationTests", "tests\RemoteLinuxManager.IntegrationTests\RemoteLinuxManager.IntegrationTests.csproj", "{C5EC40A2-38F8-4FA7-8B69-178EF3A69861}"
EndProject
Global
	GlobalSection(SolutionConfigurationPlatforms) = preSolution
		Debug|Any CPU = Debug|Any CPU
		Debug|x64 = Debug|x64
		Debug|x86 = Debug|x86
		Release|Any CPU = Release|Any CPU
		Release|x64 = Release|x64
		Release|x86 = Release|x86
	EndGlobalSection
	GlobalSection(ProjectConfigurationPlatforms) = postSolution
		{3B3FB2B9-2CC6-44D5-9FCB-5FB8AC5115A5}.Debug|Any CPU.ActiveCfg = Debug|Any CPU
		{3B3FB2B9-2CC6-44D5-9FCB-5FB8AC5115A5}.Debug|Any CPU.Build.0 = Debug|Any CPU
		{3B3FB2B9-2CC6-44D5-9FCB-5FB8AC5115A5}.Debug|x64.ActiveCfg = Debug|Any CPU
		{3B3FB2B9-2CC6-44D5-9FCB-5FB8AC5115A5}.Debug|x64.Build.0 = Debug|Any CPU
		{3B3FB2B9-2CC6-44D5-9FCB-5FB8AC5115A5}.Debug|x86.ActiveCfg = Debug|Any CPU
		{3B3FB2B9-2CC6-44D5-9FCB-5FB8AC5115A5}.Debug|x86.Build.0 = Debug|Any CPU
		{3B3FB2B9-2CC6-44D5-9FCB-5FB8AC5115A5}.Release|Any CPU.ActiveCfg = Release|Any CPU
		{3B3FB2B9-2CC6-44D5-9FCB-5FB8AC5115A5}.Release|Any CPU.Build.0 = Release|Any CPU
		{3B3FB2B9-2CC6-44D5-9FCB-5FB8AC5115A5}.Release|x64.ActiveCfg = Release|Any CPU
		{3B3FB2B9-2CC6-44D5-9FCB-5FB8AC5115A5}.Release|x64.Build.0 = Release|Any CPU
		{3B3FB2B9-2CC6-44D5-9FCB-5FB8AC5115A5}.Release|x86.ActiveCfg = Release|Any CPU
		{3B3FB2B9-2CC6-44D5-9FCB-5FB8AC5115A5}.Release|x86.Build.0 = Release|Any CPU
		{7E60BEB2-FC41-40B4-8E10-51905811FC26}.Debug|Any CPU.ActiveCfg = Debug|Any CPU
		{7E60BEB2-FC41-40B4-8E10-51905811FC26}.Debug|Any CPU.Build.0 = Debug|Any CPU
		{7E60BEB2-FC41-40B4-8E10-51905811FC26}.Debug|x64.ActiveCfg = Debug|Any CPU
		{7E60BEB2-FC41-40B4-8E10-51905811FC26}.Debug|x64.Build.0 = Debug|Any CPU
		{7E60BEB2-FC41-40B4-8E10-51905811FC26}.Debug|x86.ActiveCfg = Debug|Any CPU
		{7E60BEB2-FC41-40B4-8E10-51905811FC26}.Debug|x86.Build.0 = Debug|Any CPU
		{7E60BEB2-FC41-40B4-8E10-51905811FC26}.Release|Any CPU.ActiveCfg = Release|Any CPU
		{7E60BEB2-FC41-40B4-8E10-51905811FC26}.Release|Any CPU.Build.0 = Release|Any CPU
		{7E60BEB2-FC41-40B4-8E10-51905811FC26}.Release|x64.ActiveCfg = Release|Any CPU
		{7E60BEB2-FC41-40B4-8E10-51905811FC26}.Release|x64.Build.0 = Release|Any CPU
		{7E60BEB2-FC41-40B4-8E10-51905811FC26}.Release|x86.ActiveCfg = Release|Any CPU
		{7E60BEB2-FC41-40B4-8E10-51905811FC26}.Release|x86.Build.0 = Release|Any CPU
		{38DB558B-F651-4CDC-9BDF-C2F14CAC4720}.Debug|Any CPU.ActiveCfg = Debug|Any CPU
		{38DB558B-F651-4CDC-9BDF-C2F14CAC4720}.Debug|Any CPU.Build.0 = Debug|Any CPU
		{38DB558B-F651-4CDC-9BDF-C2F14CAC4720}.Debug|x64.ActiveCfg = Debug|Any CPU
		{38DB558B-F651-4CDC-9BDF-C2F14CAC4720}.Debug|x64.Build.0 = Debug|Any CPU
		{38DB558B-F651-4CDC-9BDF-C2F14CAC4720}.Debug|x86.ActiveCfg = Debug|Any CPU
		{38DB558B-F651-4CDC-9BDF-C2F14CAC4720}.Debug|x86.Build.0 = Debug|Any CPU
		{38DB558B-F651-4CDC-9BDF-C2F14CAC4720}.Release|Any CPU.ActiveCfg = Release|Any CPU
		{38DB558B-F651-4CDC-9BDF-C2F14CAC4720}.Release|Any CPU.Build.0 = Release|Any CPU
		{38DB558B-F651-4CDC-9BDF-C2F14CAC4720}.Release|x64.ActiveCfg = Release|Any CPU
		{38DB558B-F651-4CDC-9BDF-C2F14CAC4720}.Release|x64.Build.0 = Release|Any CPU
		{38DB558B-F651-4CDC-9BDF-C2F14CAC4720}.Release|x86.ActiveCfg = Release|Any CPU
		{38DB558B-F651-4CDC-9BDF-C2F14CAC4720}.Release|x86.Build.0 = Release|Any CPU
		{144D1A44-9940-4C29-8793-315F1AB5AB70}.Debug|Any CPU.ActiveCfg = Debug|Any CPU
		{144D1A44-9940-4C29-8793-315F1AB5AB70}.Debug|Any CPU.Build.0 = Debug|Any CPU
		{144D1A44-9940-4C29-8793-315F1AB5AB70}.Debug|x64.ActiveCfg = Debug|Any CPU
		{144D1A44-9940-4C29-8793-315F1AB5AB70}.Debug|x64.Build.0 = Debug|Any CPU
		{144D1A44-9940-4C29-8793-315F1AB5AB70}.Debug|x86.ActiveCfg = Debug|Any CPU
		{144D1A44-9940-4C29-8793-315F1AB5AB70}.Debug|x86.Build.0 = Debug|Any CPU
		{144D1A44-9940-4C29-8793-315F1AB5AB70}.Release|Any CPU.ActiveCfg = Release|Any CPU
		{144D1A44-9940-4C29-8793-315F1AB5AB70}.Release|Any CPU.Build.0 = Release|Any CPU
		{144D1A44-9940-4C29-8793-315F1AB5AB70}.Release|x64.ActiveCfg = Release|Any CPU
		{144D1A44-9940-4C29-8793-315F1AB5AB70}.Release|x64.Build.0 = Release|Any CPU
		{144D1A44-9940-4C29-8793-315F1AB5AB70}.Release|x86.ActiveCfg = Release|Any CPU
		{144D1A44-9940-4C29-8793-315F1AB5AB70}.Release|x86.Build.0 = Release|Any CPU
		{D85C80B4-4891-4ABD-AF41-616FA622F0C6}.Debug|Any CPU.ActiveCfg = Debug|Any CPU
		{D85C80B4-4891-4ABD-AF41-616FA622F0C6}.Debug|Any CPU.Build.0 = Debug|Any CPU
		{D85C80B4-4891-4ABD-AF41-616FA622F0C6}.Debug|x64.ActiveCfg = Debug|Any CPU
		{D85C80B4-4891-4ABD-AF41-616FA622F0C6}.Debug|x64.Build.0 = Debug|Any CPU
		{D85C80B4-4891-4ABD-AF41-616FA622F0C6}.Debug|x86.ActiveCfg = Debug|Any CPU
		{D85C80B4-4891-4ABD-AF41-616FA622F0C6}.Debug|x86.Build.0 = Debug|Any CPU
		{D85C80B4-4891-4ABD-AF41-616FA622F0C6}.Release|Any CPU.ActiveCfg = Release|Any CPU
		{D85C80B4-4891-4ABD-AF41-616FA622F0C6}.Release|Any CPU.Build.0 = Release|Any CPU
		{D85C80B4-4891-4ABD-AF41-616FA622F0C6}.Release|x64.ActiveCfg = Release|Any CPU
		{D85C80B4-4891-4ABD-AF41-616FA622F0C6}.Release|x64.Build.0 = Release|Any CPU
		{D85C80B4-4891-4ABD-AF41-616FA622F0C6}.Release|x86.ActiveCfg = Release|Any CPU
		{D85C80B4-4891-4ABD-AF41-616FA622F0C6}.Release|x86.Build.0 = Release|Any CPU
		{C5EC40A2-38F8-4FA7-8B69-178EF3A69861}.Debug|Any CPU.ActiveCfg = Debug|Any CPU
		{C5EC40A2-38F8-4FA7-8B69-178EF3A69861}.Debug|Any CPU.Build.0 = Debug|Any CPU
		{C5EC40A2-38F8-4FA7-8B69-178EF3A69861}.Debug|x64.ActiveCfg = Debug|Any CPU
		{C5EC40A2-38F8-4FA7-8B69-178EF3A69861}.Debug|x64.Build.0 = Debug|Any CPU
		{C5EC40A2-38F8-4FA7-8B69-178EF3A69861}.Debug|x86.ActiveCfg = Debug|Any CPU
		{C5EC40A2-38F8-4FA7-8B69-178EF3A69861}.Debug|x86.Build.0 = Debug|Any CPU
		{C5EC40A2-38F8-4FA7-8B69-178EF3A69861}.Release|Any CPU.ActiveCfg = Release|Any CPU
		{C5EC40A2-38F8-4FA7-8B69-178EF3A69861}.Release|Any CPU.Build.0 = Release|Any CPU
		{C5EC40A2-38F8-4FA7-8B69-178EF3A69861}.Release|x64.ActiveCfg = Release|Any CPU
		{C5EC40A2-38F8-4FA7-8B69-178EF3A69861}.Release|x64.Build.0 = Release|Any CPU
		{C5EC40A2-38F8-4FA7-8B69-178EF3A69861}.Release|x86.ActiveCfg = Release|Any CPU
		{C5EC40A2-38F8-4FA7-8B69-178EF3A69861}.Release|x86.Build.0 = Release|Any CPU
	EndGlobalSection
	GlobalSection(SolutionProperties) = preSolution
		HideSolutionNode = FALSE
	EndGlobalSection
	GlobalSection(NestedProjects) = preSolution
		{3B3FB2B9-2CC6-44D5-9FCB-5FB8AC5115A5} = {827E0CD3-B72D-47B6-A68D-7590B98EB39B}
		{7E60BEB2-FC41-40B4-8E10-51905811FC26} = {827E0CD3-B72D-47B6-A68D-7590B98EB39B}
		{38DB558B-F651-4CDC-9BDF-C2F14CAC4720} = {827E0CD3-B72D-47B6-A68D-7590B98EB39B}
		{144D1A44-9940-4C29-8793-315F1AB5AB70} = {827E0CD3-B72D-47B6-A68D-7590B98EB39B}
		{D85C80B4-4891-4ABD-AF41-616FA622F0C6} = {0AB3BF05-4346-4AA6-1389-037BE0695223}
		{C5EC40A2-38F8-4FA7-8B69-178EF3A69861} = {0AB3BF05-4346-4AA6-1389-037BE0695223}
	EndGlobalSection
EndGlobal
